
Microsoft Visual Studio Solution File, Format Version 12.00
# Visual Studio Version 16
VisualStudioVersion = 16.0.29728.190
MinimumVisualStudioVersion = 10.0.40219.1
Project("{9A19103F-16F7-4668-BE54-9A1E7A4F7556}") = "Bot", "Bot\Bot.csproj", "{E52D9235-E2C9-45D3-BD68-E4CD725B4EE5}"
EndProject
Project("{9A19103F-16F7-4668-BE54-9A1E7A4F7556}") = "Common", "Common\Common.csproj", "{D5E16B1D-C508-44D9-86A3-C1F6AEED777F}"
EndProject
Project("{9A19103F-16F7-4668-BE54-9A1E7A4F7556}") = "TyniBot", "TyniBot\TyniBot.csproj", "{0AE8D615-E8BF-44AF-8250-660C85DBF524}"
EndProject
Project("{2150E333-8FDC-42A3-9474-1A3956D46DE8}") = "Extensions", "Extensions", "{1269A140-1DA2-42C0-BBDF-71B7F4D50DC1}"
EndProject
Project("{2150E333-8FDC-42A3-9474-1A3956D46DE8}") = "Recruiting", "Recruiting", "{15A424B4-F0D0-4D76-AE32-6116F86F2519}"
EndProject
Project("{9A19103F-16F7-4668-BE54-9A1E7A4F7556}") = "Recruiting", "Extensions\Recruiting\Recruiting.csproj", "{55C54551-BD08-47B8-BB15-20D72D003A3F}"
EndProject
Project("{9A19103F-16F7-4668-BE54-9A1E7A4F7556}") = "UnitTests", "Extensions\Mafia\UnitTests\UnitTests.csproj", "{6A6F7913-277D-425B-9335-A60C6B0BF082}"
EndProject
Project("{2150E333-8FDC-42A3-9474-1A3956D46DE8}") = "Matches", "Matches", "{58BB4976-8176-4166-8105-EA55E2145D8B}"
EndProject
Project("{9A19103F-16F7-4668-BE54-9A1E7A4F7556}") = "Matches", "Extensions\Matches\Source\Matches.csproj", "{5A69DE86-0248-43F7-B1DD-48F46BDCA256}"
EndProject
Project("{9A19103F-16F7-4668-BE54-9A1E7A4F7556}") = "UnitTests", "Extensions\Matches\UnitTests\UnitTests.csproj", "{4A515585-9944-4EB9-912B-5E85F6E07AFB}"
EndProject
Project("{2150E333-8FDC-42A3-9474-1A3956D46DE8}") = "Inhouse", "Inhouse", "{D98577AD-F740-45AA-A393-F54B0A9DA3EC}"
EndProject
Project("{9A19103F-16F7-4668-BE54-9A1E7A4F7556}") = "Inhouse", "Extensions\Inhouse\Source\Inhouse.csproj", "{004EAD9F-94FF-4F8C-A00B-17C246A0549D}"
EndProject
Project("{9A19103F-16F7-4668-BE54-9A1E7A4F7556}") = "UnitTests", "Extensions\Inhouse\UnitTests\UnitTests.csproj", "{892C21F0-6F28-4551-9D4C-EC86D2D2EF9A}"
EndProject
Project("{9A19103F-16F7-4668-BE54-9A1E7A4F7556}") = "SC", "Extensions\SC\SC.csproj", "{6D216C98-4942-441C-8744-09101A4E47B4}"
EndProject
Project("{2150E333-8FDC-42A3-9474-1A3956D46DE8}") = "SC", "SC", "{24556318-9069-41C8-94E7-C3033C742C9B}"
EndProject
Project("{2150E333-8FDC-42A3-9474-1A3956D46DE8}") = "Mafia", "Mafia", "{F522EC9B-702C-4D02-B911-3F530BB7D9A7}"
EndProject
Project("{9A19103F-16F7-4668-BE54-9A1E7A4F7556}") = "Mafia", "Extensions\Mafia\Source\Mafia.csproj", "{89DF2534-179A-497C-8F37-5D6712AFC2A9}"
EndProject
Project("{2150E333-8FDC-42A3-9474-1A3956D46DE8}") = "SCBang", "SCBang", "{9C9A791C-8038-47D1-B865-0CE6BF95F6A3}"
EndProject
Project("{FAE04EC0-301F-11D3-BF4B-00C04F79EFBC}") = "SCBang", "Extensions\SCBang\SCBang.csproj", "{D3DB95CB-1A8E-498A-A5B2-93BAA0025B6C}"
EndProject
Global
	GlobalSection(SolutionConfigurationPlatforms) = preSolution
		Debug|Any CPU = Debug|Any CPU
		Release|Any CPU = Release|Any CPU
	EndGlobalSection
	GlobalSection(ProjectConfigurationPlatforms) = postSolution
		{E52D9235-E2C9-45D3-BD68-E4CD725B4EE5}.Debug|Any CPU.ActiveCfg = Debug|Any CPU
		{E52D9235-E2C9-45D3-BD68-E4CD725B4EE5}.Debug|Any CPU.Build.0 = Debug|Any CPU
		{E52D9235-E2C9-45D3-BD68-E4CD725B4EE5}.Release|Any CPU.ActiveCfg = Release|Any CPU
		{E52D9235-E2C9-45D3-BD68-E4CD725B4EE5}.Release|Any CPU.Build.0 = Release|Any CPU
		{D5E16B1D-C508-44D9-86A3-C1F6AEED777F}.Debug|Any CPU.ActiveCfg = Debug|Any CPU
		{D5E16B1D-C508-44D9-86A3-C1F6AEED777F}.Debug|Any CPU.Build.0 = Debug|Any CPU
		{D5E16B1D-C508-44D9-86A3-C1F6AEED777F}.Release|Any CPU.ActiveCfg = Release|Any CPU
		{D5E16B1D-C508-44D9-86A3-C1F6AEED777F}.Release|Any CPU.Build.0 = Release|Any CPU
		{0AE8D615-E8BF-44AF-8250-660C85DBF524}.Debug|Any CPU.ActiveCfg = Debug|Any CPU
		{0AE8D615-E8BF-44AF-8250-660C85DBF524}.Debug|Any CPU.Build.0 = Debug|Any CPU
		{0AE8D615-E8BF-44AF-8250-660C85DBF524}.Release|Any CPU.ActiveCfg = Release|Any CPU
		{0AE8D615-E8BF-44AF-8250-660C85DBF524}.Release|Any CPU.Build.0 = Release|Any CPU
		{55C54551-BD08-47B8-BB15-20D72D003A3F}.Debug|Any CPU.ActiveCfg = Debug|Any CPU
		{55C54551-BD08-47B8-BB15-20D72D003A3F}.Debug|Any CPU.Build.0 = Debug|Any CPU
		{55C54551-BD08-47B8-BB15-20D72D003A3F}.Release|Any CPU.ActiveCfg = Release|Any CPU
		{55C54551-BD08-47B8-BB15-20D72D003A3F}.Release|Any CPU.Build.0 = Release|Any CPU
		{6A6F7913-277D-425B-9335-A60C6B0BF082}.Debug|Any CPU.ActiveCfg = Debug|Any CPU
		{6A6F7913-277D-425B-9335-A60C6B0BF082}.Debug|Any CPU.Build.0 = Debug|Any CPU
		{6A6F7913-277D-425B-9335-A60C6B0BF082}.Release|Any CPU.ActiveCfg = Release|Any CPU
		{6A6F7913-277D-425B-9335-A60C6B0BF082}.Release|Any CPU.Build.0 = Release|Any CPU
		{5A69DE86-0248-43F7-B1DD-48F46BDCA256}.Debug|Any CPU.ActiveCfg = Debug|Any CPU
		{5A69DE86-0248-43F7-B1DD-48F46BDCA256}.Debug|Any CPU.Build.0 = Debug|Any CPU
		{5A69DE86-0248-43F7-B1DD-48F46BDCA256}.Release|Any CPU.ActiveCfg = Release|Any CPU
		{5A69DE86-0248-43F7-B1DD-48F46BDCA256}.Release|Any CPU.Build.0 = Release|Any CPU
		{4A515585-9944-4EB9-912B-5E85F6E07AFB}.Debug|Any CPU.ActiveCfg = Debug|Any CPU
		{4A515585-9944-4EB9-912B-5E85F6E07AFB}.Debug|Any CPU.Build.0 = Debug|Any CPU
		{4A515585-9944-4EB9-912B-5E85F6E07AFB}.Release|Any CPU.ActiveCfg = Release|Any CPU
		{4A515585-9944-4EB9-912B-5E85F6E07AFB}.Release|Any CPU.Build.0 = Release|Any CPU
		{004EAD9F-94FF-4F8C-A00B-17C246A0549D}.Debug|Any CPU.ActiveCfg = Debug|Any CPU
		{004EAD9F-94FF-4F8C-A00B-17C246A0549D}.Debug|Any CPU.Build.0 = Debug|Any CPU
		{004EAD9F-94FF-4F8C-A00B-17C246A0549D}.Release|Any CPU.ActiveCfg = Release|Any CPU
		{004EAD9F-94FF-4F8C-A00B-17C246A0549D}.Release|Any CPU.Build.0 = Release|Any CPU
		{892C21F0-6F28-4551-9D4C-EC86D2D2EF9A}.Debug|Any CPU.ActiveCfg = Debug|Any CPU
		{892C21F0-6F28-4551-9D4C-EC86D2D2EF9A}.Debug|Any CPU.Build.0 = Debug|Any CPU
		{892C21F0-6F28-4551-9D4C-EC86D2D2EF9A}.Release|Any CPU.ActiveCfg = Release|Any CPU
		{892C21F0-6F28-4551-9D4C-EC86D2D2EF9A}.Release|Any CPU.Build.0 = Release|Any CPU
		{6D216C98-4942-441C-8744-09101A4E47B4}.Debug|Any CPU.ActiveCfg = Debug|Any CPU
		{6D216C98-4942-441C-8744-09101A4E47B4}.Debug|Any CPU.Build.0 = Debug|Any CPU
		{6D216C98-4942-441C-8744-09101A4E47B4}.Release|Any CPU.ActiveCfg = Release|Any CPU
		{6D216C98-4942-441C-8744-09101A4E47B4}.Release|Any CPU.Build.0 = Release|Any CPU
		{89DF2534-179A-497C-8F37-5D6712AFC2A9}.Debug|Any CPU.ActiveCfg = Debug|Any CPU
		{89DF2534-179A-497C-8F37-5D6712AFC2A9}.Debug|Any CPU.Build.0 = Debug|Any CPU
		{89DF2534-179A-497C-8F37-5D6712AFC2A9}.Release|Any CPU.ActiveCfg = Release|Any CPU
		{89DF2534-179A-497C-8F37-5D6712AFC2A9}.Release|Any CPU.Build.0 = Release|Any CPU
		{D3DB95CB-1A8E-498A-A5B2-93BAA0025B6C}.Debug|Any CPU.ActiveCfg = Debug|Any CPU
		{D3DB95CB-1A8E-498A-A5B2-93BAA0025B6C}.Debug|Any CPU.Build.0 = Debug|Any CPU
		{D3DB95CB-1A8E-498A-A5B2-93BAA0025B6C}.Release|Any CPU.ActiveCfg = Release|Any CPU
		{D3DB95CB-1A8E-498A-A5B2-93BAA0025B6C}.Release|Any CPU.Build.0 = Release|Any CPU
	EndGlobalSection
	GlobalSection(SolutionProperties) = preSolution
		HideSolutionNode = FALSE
	EndGlobalSection
	GlobalSection(NestedProjects) = preSolution
		{15A424B4-F0D0-4D76-AE32-6116F86F2519} = {1269A140-1DA2-42C0-BBDF-71B7F4D50DC1}
		{55C54551-BD08-47B8-BB15-20D72D003A3F} = {15A424B4-F0D0-4D76-AE32-6116F86F2519}
		{6A6F7913-277D-425B-9335-A60C6B0BF082} = {F522EC9B-702C-4D02-B911-3F530BB7D9A7}
		{58BB4976-8176-4166-8105-EA55E2145D8B} = {1269A140-1DA2-42C0-BBDF-71B7F4D50DC1}
		{5A69DE86-0248-43F7-B1DD-48F46BDCA256} = {58BB4976-8176-4166-8105-EA55E2145D8B}
		{4A515585-9944-4EB9-912B-5E85F6E07AFB} = {58BB4976-8176-4166-8105-EA55E2145D8B}
		{D98577AD-F740-45AA-A393-F54B0A9DA3EC} = {1269A140-1DA2-42C0-BBDF-71B7F4D50DC1}
		{004EAD9F-94FF-4F8C-A00B-17C246A0549D} = {D98577AD-F740-45AA-A393-F54B0A9DA3EC}
		{892C21F0-6F28-4551-9D4C-EC86D2D2EF9A} = {D98577AD-F740-45AA-A393-F54B0A9DA3EC}
		{6D216C98-4942-441C-8744-09101A4E47B4} = {24556318-9069-41C8-94E7-C3033C742C9B}
		{24556318-9069-41C8-94E7-C3033C742C9B} = {1269A140-1DA2-42C0-BBDF-71B7F4D50DC1}
		{F522EC9B-702C-4D02-B911-3F530BB7D9A7} = {1269A140-1DA2-42C0-BBDF-71B7F4D50DC1}
		{89DF2534-179A-497C-8F37-5D6712AFC2A9} = {F522EC9B-702C-4D02-B911-3F530BB7D9A7}
		{9C9A791C-8038-47D1-B865-0CE6BF95F6A3} = {1269A140-1DA2-42C0-BBDF-71B7F4D50DC1}
		{D3DB95CB-1A8E-498A-A5B2-93BAA0025B6C} = {9C9A791C-8038-47D1-B865-0CE6BF95F6A3}
	EndGlobalSection
	GlobalSection(ExtensibilityGlobals) = postSolution
		SolutionGuid = {88678363-D734-4CFE-ADAC-085DE15635A5}
	EndGlobalSection
EndGlobal
